// !$*UTF8*$!
{
	archiveVersion = 1;
	classes = {
	};
	objectVersion = 51;
	objects = {

/* Begin PBXBuildFile section */
		32AFFC157ED3AF404AF33240 /* Pods_iOS_Applicant_Form_iOS_Applicant_FormUITests.framework in Frameworks */ = {isa = PBXBuildFile; fileRef = 2E9BD424D25114FC64FC821E /* Pods_iOS_Applicant_Form_iOS_Applicant_FormUITests.framework */; };
		373EB5AE24A0800500AFA79F /* FirebaseServiceDelegate.swift in Sources */ = {isa = PBXBuildFile; fileRef = 373EB5AD24A0800500AFA79F /* FirebaseServiceDelegate.swift */; };
		373EB5B224A0F2C900AFA79F /* MuseoSans_500.otf in Resources */ = {isa = PBXBuildFile; fileRef = 371348DA249BF12500625184 /* MuseoSans_500.otf */; };
		37493CC6249FD51E001B8048 /* FormViewModel.swift in Sources */ = {isa = PBXBuildFile; fileRef = 37493CC5249FD51E001B8048 /* FormViewModel.swift */; };
		37493CC824A026C6001B8048 /* CoreDataService.swift in Sources */ = {isa = PBXBuildFile; fileRef = 37493CC724A026C6001B8048 /* CoreDataService.swift */; };
		37493CCE24A0518E001B8048 /* FirebaseService.swift in Sources */ = {isa = PBXBuildFile; fileRef = 37493CCD24A0518E001B8048 /* FirebaseService.swift */; };
		37493CD124A07A8D001B8048 /* CoreDataServiceDelegate.swift in Sources */ = {isa = PBXBuildFile; fileRef = 37493CD024A07A8D001B8048 /* CoreDataServiceDelegate.swift */; };
		3773D273249ABDDB00B63978 /* AppDelegate.swift in Sources */ = {isa = PBXBuildFile; fileRef = 3773D272249ABDDB00B63978 /* AppDelegate.swift */; };
		3773D275249ABDDB00B63978 /* SceneDelegate.swift in Sources */ = {isa = PBXBuildFile; fileRef = 3773D274249ABDDB00B63978 /* SceneDelegate.swift */; };
		3773D27A249ABDDB00B63978 /* Main.storyboard in Resources */ = {isa = PBXBuildFile; fileRef = 3773D278249ABDDB00B63978 /* Main.storyboard */; };
		3773D27D249ABDDB00B63978 /* iOS_Applicant_Form.xcdatamodeld in Sources */ = {isa = PBXBuildFile; fileRef = 3773D27B249ABDDB00B63978 /* iOS_Applicant_Form.xcdatamodeld */; };
		3773D27F249ABDE200B63978 /* Assets.xcassets in Resources */ = {isa = PBXBuildFile; fileRef = 3773D27E249ABDE200B63978 /* Assets.xcassets */; };
		3773D282249ABDE200B63978 /* LaunchScreen.storyboard in Resources */ = {isa = PBXBuildFile; fileRef = 3773D280249ABDE200B63978 /* LaunchScreen.storyboard */; };
		3773D28D249ABDE300B63978 /* iOS_Applicant_FormTests.swift in Sources */ = {isa = PBXBuildFile; fileRef = 3773D28C249ABDE300B63978 /* iOS_Applicant_FormTests.swift */; };
		3773D298249ABDE300B63978 /* iOS_Applicant_FormUITests.swift in Sources */ = {isa = PBXBuildFile; fileRef = 3773D297249ABDE300B63978 /* iOS_Applicant_FormUITests.swift */; };
		3773D2A7249B027A00B63978 /* FormViewController.swift in Sources */ = {isa = PBXBuildFile; fileRef = 3773D2A5249B027900B63978 /* FormViewController.swift */; };
		3773D2A8249B027A00B63978 /* FormViewController.xib in Resources */ = {isa = PBXBuildFile; fileRef = 3773D2A6249B027A00B63978 /* FormViewController.xib */; };
		3793CA0724A47739007EBBA8 /* Form+CoreDataClass.swift in Sources */ = {isa = PBXBuildFile; fileRef = 3793CA0524A47739007EBBA8 /* Form+CoreDataClass.swift */; };
		3793CA0824A47739007EBBA8 /* Form+CoreDataProperties.swift in Sources */ = {isa = PBXBuildFile; fileRef = 3793CA0624A47739007EBBA8 /* Form+CoreDataProperties.swift */; };
		37A2A64D249EF0E000889463 /* GoogleService-Info.plist in Resources */ = {isa = PBXBuildFile; fileRef = 37A2A64C249EF0DF00889463 /* GoogleService-Info.plist */; };
		37AE0099249D1BA40046D03E /* FieldTableViewCell.swift in Sources */ = {isa = PBXBuildFile; fileRef = 37AE0097249D1BA40046D03E /* FieldTableViewCell.swift */; };
		37AE009A249D1BA40046D03E /* FieldTableViewCell.xib in Resources */ = {isa = PBXBuildFile; fileRef = 37AE0098249D1BA40046D03E /* FieldTableViewCell.xib */; };
		37AE009D249D1DF50046D03E /* LabelAndFieldTableViewCell.swift in Sources */ = {isa = PBXBuildFile; fileRef = 37AE009B249D1DF50046D03E /* LabelAndFieldTableViewCell.swift */; };
		37AE009E249D1DF50046D03E /* LabelAndFieldTableViewCell.xib in Resources */ = {isa = PBXBuildFile; fileRef = 37AE009C249D1DF50046D03E /* LabelAndFieldTableViewCell.xib */; };
		37AE00A0249D24740046D03E /* FormDataModel.swift in Sources */ = {isa = PBXBuildFile; fileRef = 37AE009F249D24740046D03E /* FormDataModel.swift */; };
		37AE00A7249D38550046D03E /* FormCellType.swift in Sources */ = {isa = PBXBuildFile; fileRef = 37AE00A6249D38550046D03E /* FormCellType.swift */; };
		37AE00A9249D46110046D03E /* form.plist in Resources */ = {isa = PBXBuildFile; fileRef = 37AE00A8249D46110046D03E /* form.plist */; };
		37AE00AC249D47400046D03E /* ButtonTableViewCell.swift in Sources */ = {isa = PBXBuildFile; fileRef = 37AE00AA249D47400046D03E /* ButtonTableViewCell.swift */; };
		37AE00AD249D47400046D03E /* ButtonTableViewCell.xib in Resources */ = {isa = PBXBuildFile; fileRef = 37AE00AB249D47400046D03E /* ButtonTableViewCell.xib */; };
		37AE00AF249D6E940046D03E /* Section.swift in Sources */ = {isa = PBXBuildFile; fileRef = 37AE00AE249D6E940046D03E /* Section.swift */; };
		37AE00B5249D798B0046D03E /* CellViewModel.swift in Sources */ = {isa = PBXBuildFile; fileRef = 37AE00B4249D798B0046D03E /* CellViewModel.swift */; };
		37AE00B9249DB9B10046D03E /* CellModel.swift in Sources */ = {isa = PBXBuildFile; fileRef = 37AE00B8249DB9B10046D03E /* CellModel.swift */; };
		7FC72927B1691E4A34F618F2 /* Pods_iOS_Applicant_FormTests.framework in Frameworks */ = {isa = PBXBuildFile; fileRef = 370E3623B30DBE24A1E22896 /* Pods_iOS_Applicant_FormTests.framework */; };
		B36901351A9F9D980BCFF786 /* Pods_iOS_Applicant_Form.framework in Frameworks */ = {isa = PBXBuildFile; fileRef = 85ABC19EF309832CE81AB0E8 /* Pods_iOS_Applicant_Form.framework */; };
/* End PBXBuildFile section */

/* Begin PBXContainerItemProxy section */
		3773D289249ABDE200B63978 /* PBXContainerItemProxy */ = {
			isa = PBXContainerItemProxy;
			containerPortal = 3773D267249ABDDA00B63978 /* Project object */;
			proxyType = 1;
			remoteGlobalIDString = 3773D26E249ABDDA00B63978;
			remoteInfo = "iOS Applicant Form";
		};
		3773D294249ABDE300B63978 /* PBXContainerItemProxy */ = {
			isa = PBXContainerItemProxy;
			containerPortal = 3773D267249ABDDA00B63978 /* Project object */;
			proxyType = 1;
			remoteGlobalIDString = 3773D26E249ABDDA00B63978;
			remoteInfo = "iOS Applicant Form";
		};
/* End PBXContainerItemProxy section */

/* Begin PBXFileReference section */
		11A06E9A0561D4A44A0DBB14 /* Pods-iOS Applicant FormTests.release.xcconfig */ = {isa = PBXFileReference; includeInIndex = 1; lastKnownFileType = text.xcconfig; name = "Pods-iOS Applicant FormTests.release.xcconfig"; path = "Target Support Files/Pods-iOS Applicant FormTests/Pods-iOS Applicant FormTests.release.xcconfig"; sourceTree = "<group>"; };
		2E9BD424D25114FC64FC821E /* Pods_iOS_Applicant_Form_iOS_Applicant_FormUITests.framework */ = {isa = PBXFileReference; explicitFileType = wrapper.framework; includeInIndex = 0; path = Pods_iOS_Applicant_Form_iOS_Applicant_FormUITests.framework; sourceTree = BUILT_PRODUCTS_DIR; };
		33D7FD268EFEED9D7327EC92 /* Pods-iOS Applicant Form.debug.xcconfig */ = {isa = PBXFileReference; includeInIndex = 1; lastKnownFileType = text.xcconfig; name = "Pods-iOS Applicant Form.debug.xcconfig"; path = "Target Support Files/Pods-iOS Applicant Form/Pods-iOS Applicant Form.debug.xcconfig"; sourceTree = "<group>"; };
		370E3623B30DBE24A1E22896 /* Pods_iOS_Applicant_FormTests.framework */ = {isa = PBXFileReference; explicitFileType = wrapper.framework; includeInIndex = 0; path = Pods_iOS_Applicant_FormTests.framework; sourceTree = BUILT_PRODUCTS_DIR; };
		371348DA249BF12500625184 /* MuseoSans_500.otf */ = {isa = PBXFileReference; lastKnownFileType = file; path = MuseoSans_500.otf; sourceTree = "<group>"; };
		373EB5AD24A0800500AFA79F /* FirebaseServiceDelegate.swift */ = {isa = PBXFileReference; lastKnownFileType = sourcecode.swift; path = FirebaseServiceDelegate.swift; sourceTree = "<group>"; };
		37493CC5249FD51E001B8048 /* FormViewModel.swift */ = {isa = PBXFileReference; lastKnownFileType = sourcecode.swift; path = FormViewModel.swift; sourceTree = "<group>"; };
		37493CC724A026C6001B8048 /* CoreDataService.swift */ = {isa = PBXFileReference; lastKnownFileType = sourcecode.swift; path = CoreDataService.swift; sourceTree = "<group>"; };
		37493CCD24A0518E001B8048 /* FirebaseService.swift */ = {isa = PBXFileReference; lastKnownFileType = sourcecode.swift; path = FirebaseService.swift; sourceTree = "<group>"; };
		37493CD024A07A8D001B8048 /* CoreDataServiceDelegate.swift */ = {isa = PBXFileReference; lastKnownFileType = sourcecode.swift; path = CoreDataServiceDelegate.swift; sourceTree = "<group>"; };
		3773D26F249ABDDB00B63978 /* iOS Applicant Form.app */ = {isa = PBXFileReference; explicitFileType = wrapper.application; includeInIndex = 0; path = "iOS Applicant Form.app"; sourceTree = BUILT_PRODUCTS_DIR; };
		3773D272249ABDDB00B63978 /* AppDelegate.swift */ = {isa = PBXFileReference; lastKnownFileType = sourcecode.swift; path = AppDelegate.swift; sourceTree = "<group>"; };
		3773D274249ABDDB00B63978 /* SceneDelegate.swift */ = {isa = PBXFileReference; lastKnownFileType = sourcecode.swift; path = SceneDelegate.swift; sourceTree = "<group>"; };
		3773D279249ABDDB00B63978 /* Base */ = {isa = PBXFileReference; lastKnownFileType = file.storyboard; name = Base; path = Base.lproj/Main.storyboard; sourceTree = "<group>"; };
		3773D27C249ABDDB00B63978 /* iOS_Applicant_Form.xcdatamodel */ = {isa = PBXFileReference; lastKnownFileType = wrapper.xcdatamodel; path = iOS_Applicant_Form.xcdatamodel; sourceTree = "<group>"; };
		3773D27E249ABDE200B63978 /* Assets.xcassets */ = {isa = PBXFileReference; lastKnownFileType = folder.assetcatalog; path = Assets.xcassets; sourceTree = "<group>"; };
		3773D281249ABDE200B63978 /* Base */ = {isa = PBXFileReference; lastKnownFileType = file.storyboard; name = Base; path = Base.lproj/LaunchScreen.storyboard; sourceTree = "<group>"; };
		3773D283249ABDE200B63978 /* Info.plist */ = {isa = PBXFileReference; lastKnownFileType = text.plist.xml; path = Info.plist; sourceTree = "<group>"; };
		3773D288249ABDE200B63978 /* iOS Applicant FormTests.xctest */ = {isa = PBXFileReference; explicitFileType = wrapper.cfbundle; includeInIndex = 0; path = "iOS Applicant FormTests.xctest"; sourceTree = BUILT_PRODUCTS_DIR; };
		3773D28C249ABDE300B63978 /* iOS_Applicant_FormTests.swift */ = {isa = PBXFileReference; lastKnownFileType = sourcecode.swift; path = iOS_Applicant_FormTests.swift; sourceTree = "<group>"; };
		3773D28E249ABDE300B63978 /* Info.plist */ = {isa = PBXFileReference; lastKnownFileType = text.plist.xml; path = Info.plist; sourceTree = "<group>"; };
		3773D293249ABDE300B63978 /* iOS Applicant FormUITests.xctest */ = {isa = PBXFileReference; explicitFileType = wrapper.cfbundle; includeInIndex = 0; path = "iOS Applicant FormUITests.xctest"; sourceTree = BUILT_PRODUCTS_DIR; };
		3773D297249ABDE300B63978 /* iOS_Applicant_FormUITests.swift */ = {isa = PBXFileReference; lastKnownFileType = sourcecode.swift; path = iOS_Applicant_FormUITests.swift; sourceTree = "<group>"; };
		3773D299249ABDE300B63978 /* Info.plist */ = {isa = PBXFileReference; lastKnownFileType = text.plist.xml; path = Info.plist; sourceTree = "<group>"; };
		3773D2A5249B027900B63978 /* FormViewController.swift */ = {isa = PBXFileReference; lastKnownFileType = sourcecode.swift; path = FormViewController.swift; sourceTree = "<group>"; };
		3773D2A6249B027A00B63978 /* FormViewController.xib */ = {isa = PBXFileReference; lastKnownFileType = file.xib; path = FormViewController.xib; sourceTree = "<group>"; };
		3793CA0524A47739007EBBA8 /* Form+CoreDataClass.swift */ = {isa = PBXFileReference; lastKnownFileType = sourcecode.swift; path = "Form+CoreDataClass.swift"; sourceTree = SOURCE_ROOT; };
		3793CA0624A47739007EBBA8 /* Form+CoreDataProperties.swift */ = {isa = PBXFileReference; lastKnownFileType = sourcecode.swift; path = "Form+CoreDataProperties.swift"; sourceTree = SOURCE_ROOT; };
		37A2A64C249EF0DF00889463 /* GoogleService-Info.plist */ = {isa = PBXFileReference; fileEncoding = 4; lastKnownFileType = text.plist.xml; path = "GoogleService-Info.plist"; sourceTree = "<group>"; };
		37AE0097249D1BA40046D03E /* FieldTableViewCell.swift */ = {isa = PBXFileReference; lastKnownFileType = sourcecode.swift; path = FieldTableViewCell.swift; sourceTree = "<group>"; };
		37AE0098249D1BA40046D03E /* FieldTableViewCell.xib */ = {isa = PBXFileReference; lastKnownFileType = file.xib; path = FieldTableViewCell.xib; sourceTree = "<group>"; };
		37AE009B249D1DF50046D03E /* LabelAndFieldTableViewCell.swift */ = {isa = PBXFileReference; lastKnownFileType = sourcecode.swift; path = LabelAndFieldTableViewCell.swift; sourceTree = "<group>"; };
		37AE009C249D1DF50046D03E /* LabelAndFieldTableViewCell.xib */ = {isa = PBXFileReference; lastKnownFileType = file.xib; path = LabelAndFieldTableViewCell.xib; sourceTree = "<group>"; };
		37AE009F249D24740046D03E /* FormDataModel.swift */ = {isa = PBXFileReference; lastKnownFileType = sourcecode.swift; path = FormDataModel.swift; sourceTree = "<group>"; };
		37AE00A6249D38550046D03E /* FormCellType.swift */ = {isa = PBXFileReference; lastKnownFileType = sourcecode.swift; path = FormCellType.swift; sourceTree = "<group>"; };
		37AE00A8249D46110046D03E /* form.plist */ = {isa = PBXFileReference; lastKnownFileType = text.plist.xml; path = form.plist; sourceTree = "<group>"; };
		37AE00AA249D47400046D03E /* ButtonTableViewCell.swift */ = {isa = PBXFileReference; lastKnownFileType = sourcecode.swift; path = ButtonTableViewCell.swift; sourceTree = "<group>"; };
		37AE00AB249D47400046D03E /* ButtonTableViewCell.xib */ = {isa = PBXFileReference; lastKnownFileType = file.xib; path = ButtonTableViewCell.xib; sourceTree = "<group>"; };
		37AE00AE249D6E940046D03E /* Section.swift */ = {isa = PBXFileReference; lastKnownFileType = sourcecode.swift; path = Section.swift; sourceTree = "<group>"; };
		37AE00B4249D798B0046D03E /* CellViewModel.swift */ = {isa = PBXFileReference; lastKnownFileType = sourcecode.swift; path = CellViewModel.swift; sourceTree = "<group>"; };
		37AE00B8249DB9B10046D03E /* CellModel.swift */ = {isa = PBXFileReference; lastKnownFileType = sourcecode.swift; path = CellModel.swift; sourceTree = "<group>"; };
		382D8E31947E183EC84F18D8 /* Pods-iOS Applicant FormTests.debug.xcconfig */ = {isa = PBXFileReference; includeInIndex = 1; lastKnownFileType = text.xcconfig; name = "Pods-iOS Applicant FormTests.debug.xcconfig"; path = "Target Support Files/Pods-iOS Applicant FormTests/Pods-iOS Applicant FormTests.debug.xcconfig"; sourceTree = "<group>"; };
		7574F71D4C962FC181B007B8 /* Pods-iOS Applicant Form-iOS Applicant FormUITests.release.xcconfig */ = {isa = PBXFileReference; includeInIndex = 1; lastKnownFileType = text.xcconfig; name = "Pods-iOS Applicant Form-iOS Applicant FormUITests.release.xcconfig"; path = "Target Support Files/Pods-iOS Applicant Form-iOS Applicant FormUITests/Pods-iOS Applicant Form-iOS Applicant FormUITests.release.xcconfig"; sourceTree = "<group>"; };
		85ABC19EF309832CE81AB0E8 /* Pods_iOS_Applicant_Form.framework */ = {isa = PBXFileReference; explicitFileType = wrapper.framework; includeInIndex = 0; path = Pods_iOS_Applicant_Form.framework; sourceTree = BUILT_PRODUCTS_DIR; };
		964FA59C64B3CABA23BB6573 /* Pods-iOS Applicant Form.release.xcconfig */ = {isa = PBXFileReference; includeInIndex = 1; lastKnownFileType = text.xcconfig; name = "Pods-iOS Applicant Form.release.xcconfig"; path = "Target Support Files/Pods-iOS Applicant Form/Pods-iOS Applicant Form.release.xcconfig"; sourceTree = "<group>"; };
		B5386E8CEBE7175E3C141CD0 /* Pods-iOS Applicant Form-iOS Applicant FormUITests.debug.xcconfig */ = {isa = PBXFileReference; includeInIndex = 1; lastKnownFileType = text.xcconfig; name = "Pods-iOS Applicant Form-iOS Applicant FormUITests.debug.xcconfig"; path = "Target Support Files/Pods-iOS Applicant Form-iOS Applicant FormUITests/Pods-iOS Applicant Form-iOS Applicant FormUITests.debug.xcconfig"; sourceTree = "<group>"; };
/* End PBXFileReference section */

/* Begin PBXFrameworksBuildPhase section */
		3773D26C249ABDDA00B63978 /* Frameworks */ = {
			isa = PBXFrameworksBuildPhase;
			buildActionMask = 2147483647;
			files = (
				B36901351A9F9D980BCFF786 /* Pods_iOS_Applicant_Form.framework in Frameworks */,
			);
			runOnlyForDeploymentPostprocessing = 0;
		};
		3773D285249ABDE200B63978 /* Frameworks */ = {
			isa = PBXFrameworksBuildPhase;
			buildActionMask = 2147483647;
			files = (
				7FC72927B1691E4A34F618F2 /* Pods_iOS_Applicant_FormTests.framework in Frameworks */,
			);
			runOnlyForDeploymentPostprocessing = 0;
		};
		3773D290249ABDE300B63978 /* Frameworks */ = {
			isa = PBXFrameworksBuildPhase;
			buildActionMask = 2147483647;
			files = (
				32AFFC157ED3AF404AF33240 /* Pods_iOS_Applicant_Form_iOS_Applicant_FormUITests.framework in Frameworks */,
			);
			runOnlyForDeploymentPostprocessing = 0;
		};
/* End PBXFrameworksBuildPhase section */

/* Begin PBXGroup section */
		371348D8249BF0C700625184 /* Resources */ = {
			isa = PBXGroup;
			children = (
				371348D9249BF10200625184 /* Fonts */,
				3773D278249ABDDB00B63978 /* Main.storyboard */,
				3773D27E249ABDE200B63978 /* Assets.xcassets */,
				3773D280249ABDE200B63978 /* LaunchScreen.storyboard */,
				37AE00A8249D46110046D03E /* form.plist */,
			);
			path = Resources;
			sourceTree = "<group>";
		};
		371348D9249BF10200625184 /* Fonts */ = {
			isa = PBXGroup;
			children = (
				371348DA249BF12500625184 /* MuseoSans_500.otf */,
			);
			path = Fonts;
			sourceTree = "<group>";
		};
		373EB5AF24A0EB3400AFA79F /* Extension */ = {
			isa = PBXGroup;
			children = (
			);
			path = Extension;
			sourceTree = "<group>";
		};
		37493C9C249FCAD0001B8048 /* CoreData */ = {
			isa = PBXGroup;
			children = (
				3793CA0524A47739007EBBA8 /* Form+CoreDataClass.swift */,
				3793CA0624A47739007EBBA8 /* Form+CoreDataProperties.swift */,
			);
			path = CoreData;
			sourceTree = "<group>";
		};
		37493CCF24A07A42001B8048 /* Protocol */ = {
			isa = PBXGroup;
			children = (
				37493CD024A07A8D001B8048 /* CoreDataServiceDelegate.swift */,
				373EB5AD24A0800500AFA79F /* FirebaseServiceDelegate.swift */,
			);
			path = Protocol;
			sourceTree = "<group>";
		};
		3773D266249ABDDA00B63978 = {
			isa = PBXGroup;
			children = (
				3773D271249ABDDB00B63978 /* iOS Applicant Form */,
				3773D28B249ABDE200B63978 /* iOS Applicant FormTests */,
				3773D296249ABDE300B63978 /* iOS Applicant FormUITests */,
				3773D270249ABDDB00B63978 /* Products */,
				D4F1353B2C4285A9B0314E5E /* Pods */,
				4C940E7DA518F1B4BEFD1E0F /* Frameworks */,
			);
			sourceTree = "<group>";
		};
		3773D270249ABDDB00B63978 /* Products */ = {
			isa = PBXGroup;
			children = (
				3773D26F249ABDDB00B63978 /* iOS Applicant Form.app */,
				3773D288249ABDE200B63978 /* iOS Applicant FormTests.xctest */,
				3773D293249ABDE300B63978 /* iOS Applicant FormUITests.xctest */,
			);
			name = Products;
			sourceTree = "<group>";
		};
		3773D271249ABDDB00B63978 /* iOS Applicant Form */ = {
			isa = PBXGroup;
			children = (
				373EB5AF24A0EB3400AFA79F /* Extension */,
				37493C9C249FCAD0001B8048 /* CoreData */,
				37493CCF24A07A42001B8048 /* Protocol */,
				37A2A64E249F08BF00889463 /* Service */,
				37AE00A3249D37F30046D03E /* enum */,
				3773D2AB249B02B900B63978 /* Controller */,
				3773D2AA249B02B300B63978 /* ViewModel */,
				3773D2A9249B02AB00B63978 /* View */,
				3773D2AC249B02CF00B63978 /* Model */,
				3773D272249ABDDB00B63978 /* AppDelegate.swift */,
				3773D274249ABDDB00B63978 /* SceneDelegate.swift */,
				371348D8249BF0C700625184 /* Resources */,
				3773D283249ABDE200B63978 /* Info.plist */,
				37A2A64C249EF0DF00889463 /* GoogleService-Info.plist */,
				3773D27B249ABDDB00B63978 /* iOS_Applicant_Form.xcdatamodeld */,
			);
			path = "iOS Applicant Form";
			sourceTree = "<group>";
		};
		3773D28B249ABDE200B63978 /* iOS Applicant FormTests */ = {
			isa = PBXGroup;
			children = (
				3773D28C249ABDE300B63978 /* iOS_Applicant_FormTests.swift */,
				3773D28E249ABDE300B63978 /* Info.plist */,
			);
			path = "iOS Applicant FormTests";
			sourceTree = "<group>";
		};
		3773D296249ABDE300B63978 /* iOS Applicant FormUITests */ = {
			isa = PBXGroup;
			children = (
				3773D297249ABDE300B63978 /* iOS_Applicant_FormUITests.swift */,
				3773D299249ABDE300B63978 /* Info.plist */,
			);
			path = "iOS Applicant FormUITests";
			sourceTree = "<group>";
		};
		3773D2A9249B02AB00B63978 /* View */ = {
			isa = PBXGroup;
			children = (
				3773D2AD249B02EE00B63978 /* XIB */,
				37AE0097249D1BA40046D03E /* FieldTableViewCell.swift */,
				37AE009B249D1DF50046D03E /* LabelAndFieldTableViewCell.swift */,
				37AE00AA249D47400046D03E /* ButtonTableViewCell.swift */,
			);
			path = View;
			sourceTree = "<group>";
		};
		3773D2AA249B02B300B63978 /* ViewModel */ = {
			isa = PBXGroup;
			children = (
				37AE00B4249D798B0046D03E /* CellViewModel.swift */,
				37493CC5249FD51E001B8048 /* FormViewModel.swift */,
			);
			path = ViewModel;
			sourceTree = "<group>";
		};
		3773D2AB249B02B900B63978 /* Controller */ = {
			isa = PBXGroup;
			children = (
				3773D2A5249B027900B63978 /* FormViewController.swift */,
			);
			path = Controller;
			sourceTree = "<group>";
		};
		3773D2AC249B02CF00B63978 /* Model */ = {
			isa = PBXGroup;
			children = (
				37AE009F249D24740046D03E /* FormDataModel.swift */,
				37AE00B8249DB9B10046D03E /* CellModel.swift */,
			);
			path = Model;
			sourceTree = "<group>";
		};
		3773D2AD249B02EE00B63978 /* XIB */ = {
			isa = PBXGroup;
			children = (
				3773D2A6249B027A00B63978 /* FormViewController.xib */,
				37AE0098249D1BA40046D03E /* FieldTableViewCell.xib */,
				37AE009C249D1DF50046D03E /* LabelAndFieldTableViewCell.xib */,
				37AE00AB249D47400046D03E /* ButtonTableViewCell.xib */,
			);
			path = XIB;
			sourceTree = "<group>";
		};
		37A2A64E249F08BF00889463 /* Service */ = {
			isa = PBXGroup;
			children = (
				37493CC724A026C6001B8048 /* CoreDataService.swift */,
				37493CCD24A0518E001B8048 /* FirebaseService.swift */,
			);
			path = Service;
			sourceTree = "<group>";
		};
		37AE00A3249D37F30046D03E /* enum */ = {
			isa = PBXGroup;
			children = (
				37AE00A6249D38550046D03E /* FormCellType.swift */,
				37AE00AE249D6E940046D03E /* Section.swift */,
			);
			path = enum;
			sourceTree = "<group>";
		};
		4C940E7DA518F1B4BEFD1E0F /* Frameworks */ = {
			isa = PBXGroup;
			children = (
				85ABC19EF309832CE81AB0E8 /* Pods_iOS_Applicant_Form.framework */,
				2E9BD424D25114FC64FC821E /* Pods_iOS_Applicant_Form_iOS_Applicant_FormUITests.framework */,
				370E3623B30DBE24A1E22896 /* Pods_iOS_Applicant_FormTests.framework */,
			);
			name = Frameworks;
			sourceTree = "<group>";
		};
		D4F1353B2C4285A9B0314E5E /* Pods */ = {
			isa = PBXGroup;
			children = (
				33D7FD268EFEED9D7327EC92 /* Pods-iOS Applicant Form.debug.xcconfig */,
				964FA59C64B3CABA23BB6573 /* Pods-iOS Applicant Form.release.xcconfig */,
				B5386E8CEBE7175E3C141CD0 /* Pods-iOS Applicant Form-iOS Applicant FormUITests.debug.xcconfig */,
				7574F71D4C962FC181B007B8 /* Pods-iOS Applicant Form-iOS Applicant FormUITests.release.xcconfig */,
				382D8E31947E183EC84F18D8 /* Pods-iOS Applicant FormTests.debug.xcconfig */,
				11A06E9A0561D4A44A0DBB14 /* Pods-iOS Applicant FormTests.release.xcconfig */,
			);
			path = Pods;
			sourceTree = "<group>";
		};
/* End PBXGroup section */

/* Begin PBXNativeTarget section */
		3773D26E249ABDDA00B63978 /* iOS Applicant Form */ = {
			isa = PBXNativeTarget;
			buildConfigurationList = 3773D29C249ABDE300B63978 /* Build configuration list for PBXNativeTarget "iOS Applicant Form" */;
			buildPhases = (
				224A9E2B0E0ADD2C361D0389 /* [CP] Check Pods Manifest.lock */,
				3773D26B249ABDDA00B63978 /* Sources */,
				3773D26C249ABDDA00B63978 /* Frameworks */,
				3773D26D249ABDDA00B63978 /* Resources */,
				7E5FB81CEB5FD0E8A773258E /* [CP] Embed Pods Frameworks */,
			);
			buildRules = (
			);
			dependencies = (
			);
			name = "iOS Applicant Form";
			productName = "iOS Applicant Form";
			productReference = 3773D26F249ABDDB00B63978 /* iOS Applicant Form.app */;
			productType = "com.apple.product-type.application";
		};
		3773D287249ABDE200B63978 /* iOS Applicant FormTests */ = {
			isa = PBXNativeTarget;
			buildConfigurationList = 3773D29F249ABDE300B63978 /* Build configuration list for PBXNativeTarget "iOS Applicant FormTests" */;
			buildPhases = (
				5E8E58BB76F7700959F370A0 /* [CP] Check Pods Manifest.lock */,
				3773D284249ABDE200B63978 /* Sources */,
				3773D285249ABDE200B63978 /* Frameworks */,
				3773D286249ABDE200B63978 /* Resources */,
			);
			buildRules = (
			);
			dependencies = (
				3773D28A249ABDE200B63978 /* PBXTargetDependency */,
			);
			name = "iOS Applicant FormTests";
			productName = "iOS Applicant FormTests";
			productReference = 3773D288249ABDE200B63978 /* iOS Applicant FormTests.xctest */;
			productType = "com.apple.product-type.bundle.unit-test";
		};
		3773D292249ABDE300B63978 /* iOS Applicant FormUITests */ = {
			isa = PBXNativeTarget;
			buildConfigurationList = 3773D2A2249ABDE300B63978 /* Build configuration list for PBXNativeTarget "iOS Applicant FormUITests" */;
			buildPhases = (
				B45B0C69940DA1B272104045 /* [CP] Check Pods Manifest.lock */,
				3773D28F249ABDE300B63978 /* Sources */,
				3773D290249ABDE300B63978 /* Frameworks */,
				3773D291249ABDE300B63978 /* Resources */,
				2FC4E095DDEF015206E6C5D6 /* [CP] Embed Pods Frameworks */,
			);
			buildRules = (
			);
			dependencies = (
				3773D295249ABDE300B63978 /* PBXTargetDependency */,
			);
			name = "iOS Applicant FormUITests";
			productName = "iOS Applicant FormUITests";
			productReference = 3773D293249ABDE300B63978 /* iOS Applicant FormUITests.xctest */;
			productType = "com.apple.product-type.bundle.ui-testing";
		};
/* End PBXNativeTarget section */

/* Begin PBXProject section */
		3773D267249ABDDA00B63978 /* Project object */ = {
			isa = PBXProject;
			attributes = {
				LastSwiftUpdateCheck = 1150;
				LastUpgradeCheck = 1150;
				ORGANIZATIONNAME = "Pedro Trujillo V";
				TargetAttributes = {
					3773D26E249ABDDA00B63978 = {
						CreatedOnToolsVersion = 11.5;
					};
					3773D287249ABDE200B63978 = {
						CreatedOnToolsVersion = 11.5;
						TestTargetID = 3773D26E249ABDDA00B63978;
					};
					3773D292249ABDE300B63978 = {
						CreatedOnToolsVersion = 11.5;
						TestTargetID = 3773D26E249ABDDA00B63978;
					};
				};
			};
			buildConfigurationList = 3773D26A249ABDDA00B63978 /* Build configuration list for PBXProject "iOS Applicant Form" */;
			compatibilityVersion = "Xcode 9.3";
			developmentRegion = en;
			hasScannedForEncodings = 0;
			knownRegions = (
				en,
				Base,
			);
			mainGroup = 3773D266249ABDDA00B63978;
			productRefGroup = 3773D270249ABDDB00B63978 /* Products */;
			projectDirPath = "";
			projectRoot = "";
			targets = (
				3773D26E249ABDDA00B63978 /* iOS Applicant Form */,
				3773D287249ABDE200B63978 /* iOS Applicant FormTests */,
				3773D292249ABDE300B63978 /* iOS Applicant FormUITests */,
			);
		};
/* End PBXProject section */

/* Begin PBXResourcesBuildPhase section */
		3773D26D249ABDDA00B63978 /* Resources */ = {
			isa = PBXResourcesBuildPhase;
			buildActionMask = 2147483647;
			files = (
				3773D282249ABDE200B63978 /* LaunchScreen.storyboard in Resources */,
				37AE00A9249D46110046D03E /* form.plist in Resources */,
				37A2A64D249EF0E000889463 /* GoogleService-Info.plist in Resources */,
				37AE009A249D1BA40046D03E /* FieldTableViewCell.xib in Resources */,
				3773D27F249ABDE200B63978 /* Assets.xcassets in Resources */,
				37AE009E249D1DF50046D03E /* LabelAndFieldTableViewCell.xib in Resources */,
				373EB5B224A0F2C900AFA79F /* MuseoSans_500.otf in Resources */,
				3773D2A8249B027A00B63978 /* FormViewController.xib in Resources */,
				3773D27A249ABDDB00B63978 /* Main.storyboard in Resources */,
				37AE00AD249D47400046D03E /* ButtonTableViewCell.xib in Resources */,
			);
			runOnlyForDeploymentPostprocessing = 0;
		};
		3773D286249ABDE200B63978 /* Resources */ = {
			isa = PBXResourcesBuildPhase;
			buildActionMask = 2147483647;
			files = (
			);
			runOnlyForDeploymentPostprocessing = 0;
		};
		3773D291249ABDE300B63978 /* Resources */ = {
			isa = PBXResourcesBuildPhase;
			buildActionMask = 2147483647;
			files = (
			);
			runOnlyForDeploymentPostprocessing = 0;
		};
/* End PBXResourcesBuildPhase section */

/* Begin PBXShellScriptBuildPhase section */
		224A9E2B0E0ADD2C361D0389 /* [CP] Check Pods Manifest.lock */ = {
			isa = PBXShellScriptBuildPhase;
			buildActionMask = 2147483647;
			files = (
			);
			inputFileListPaths = (
			);
			inputPaths = (
				"${PODS_PODFILE_DIR_PATH}/Podfile.lock",
				"${PODS_ROOT}/Manifest.lock",
			);
			name = "[CP] Check Pods Manifest.lock";
			outputFileListPaths = (
			);
			outputPaths = (
				"$(DERIVED_FILE_DIR)/Pods-iOS Applicant Form-checkManifestLockResult.txt",
			);
			runOnlyForDeploymentPostprocessing = 0;
			shellPath = /bin/sh;
			shellScript = "diff \"${PODS_PODFILE_DIR_PATH}/Podfile.lock\" \"${PODS_ROOT}/Manifest.lock\" > /dev/null\nif [ $? != 0 ] ; then\n    # print error to STDERR\n    echo \"error: The sandbox is not in sync with the Podfile.lock. Run 'pod install' or update your CocoaPods installation.\" >&2\n    exit 1\nfi\n# This output is used by Xcode 'outputs' to avoid re-running this script phase.\necho \"SUCCESS\" > \"${SCRIPT_OUTPUT_FILE_0}\"\n";
			showEnvVarsInLog = 0;
		};
		2FC4E095DDEF015206E6C5D6 /* [CP] Embed Pods Frameworks */ = {
			isa = PBXShellScriptBuildPhase;
			buildActionMask = 2147483647;
			files = (
			);
			inputFileListPaths = (
				"${PODS_ROOT}/Target Support Files/Pods-iOS Applicant Form-iOS Applicant FormUITests/Pods-iOS Applicant Form-iOS Applicant FormUITests-frameworks-${CONFIGURATION}-input-files.xcfilelist",
			);
			name = "[CP] Embed Pods Frameworks";
			outputFileListPaths = (
				"${PODS_ROOT}/Target Support Files/Pods-iOS Applicant Form-iOS Applicant FormUITests/Pods-iOS Applicant Form-iOS Applicant FormUITests-frameworks-${CONFIGURATION}-output-files.xcfilelist",
			);
			runOnlyForDeploymentPostprocessing = 0;
			shellPath = /bin/sh;
			shellScript = "\"${PODS_ROOT}/Target Support Files/Pods-iOS Applicant Form-iOS Applicant FormUITests/Pods-iOS Applicant Form-iOS Applicant FormUITests-frameworks.sh\"\n";
			showEnvVarsInLog = 0;
		};
		5E8E58BB76F7700959F370A0 /* [CP] Check Pods Manifest.lock */ = {
			isa = PBXShellScriptBuildPhase;
			buildActionMask = 2147483647;
			files = (
			);
			inputFileListPaths = (
			);
			inputPaths = (
				"${PODS_PODFILE_DIR_PATH}/Podfile.lock",
				"${PODS_ROOT}/Manifest.lock",
			);
			name = "[CP] Check Pods Manifest.lock";
			outputFileListPaths = (
			);
			outputPaths = (
				"$(DERIVED_FILE_DIR)/Pods-iOS Applicant FormTests-checkManifestLockResult.txt",
			);
			runOnlyForDeploymentPostprocessing = 0;
			shellPath = /bin/sh;
			shellScript = "diff \"${PODS_PODFILE_DIR_PATH}/Podfile.lock\" \"${PODS_ROOT}/Manifest.lock\" > /dev/null\nif [ $? != 0 ] ; then\n    # print error to STDERR\n    echo \"error: The sandbox is not in sync with the Podfile.lock. Run 'pod install' or update your CocoaPods installation.\" >&2\n    exit 1\nfi\n# This output is used by Xcode 'outputs' to avoid re-running this script phase.\necho \"SUCCESS\" > \"${SCRIPT_OUTPUT_FILE_0}\"\n";
			showEnvVarsInLog = 0;
		};
		7E5FB81CEB5FD0E8A773258E /* [CP] Embed Pods Frameworks */ = {
			isa = PBXShellScriptBuildPhase;
			buildActionMask = 2147483647;
			files = (
			);
			inputFileListPaths = (
				"${PODS_ROOT}/Target Support Files/Pods-iOS Applicant Form/Pods-iOS Applicant Form-frameworks-${CONFIGURATION}-input-files.xcfilelist",
			);
			name = "[CP] Embed Pods Frameworks";
			outputFileListPaths = (
				"${PODS_ROOT}/Target Support Files/Pods-iOS Applicant Form/Pods-iOS Applicant Form-frameworks-${CONFIGURATION}-output-files.xcfilelist",
			);
			runOnlyForDeploymentPostprocessing = 0;
			shellPath = /bin/sh;
			shellScript = "\"${PODS_ROOT}/Target Support Files/Pods-iOS Applicant Form/Pods-iOS Applicant Form-frameworks.sh\"\n";
			showEnvVarsInLog = 0;
		};
		B45B0C69940DA1B272104045 /* [CP] Check Pods Manifest.lock */ = {
			isa = PBXShellScriptBuildPhase;
			buildActionMask = 2147483647;
			files = (
			);
			inputFileListPaths = (
			);
			inputPaths = (
				"${PODS_PODFILE_DIR_PATH}/Podfile.lock",
				"${PODS_ROOT}/Manifest.lock",
			);
			name = "[CP] Check Pods Manifest.lock";
			outputFileListPaths = (
			);
			outputPaths = (
				"$(DERIVED_FILE_DIR)/Pods-iOS Applicant Form-iOS Applicant FormUITests-checkManifestLockResult.txt",
			);
			runOnlyForDeploymentPostprocessing = 0;
			shellPath = /bin/sh;
			shellScript = "diff \"${PODS_PODFILE_DIR_PATH}/Podfile.lock\" \"${PODS_ROOT}/Manifest.lock\" > /dev/null\nif [ $? != 0 ] ; then\n    # print error to STDERR\n    echo \"error: The sandbox is not in sync with the Podfile.lock. Run 'pod install' or update your CocoaPods installation.\" >&2\n    exit 1\nfi\n# This output is used by Xcode 'outputs' to avoid re-running this script phase.\necho \"SUCCESS\" > \"${SCRIPT_OUTPUT_FILE_0}\"\n";
			showEnvVarsInLog = 0;
		};
/* End PBXShellScriptBuildPhase section */

/* Begin PBXSourcesBuildPhase section */
		3773D26B249ABDDA00B63978 /* Sources */ = {
			isa = PBXSourcesBuildPhase;
			buildActionMask = 2147483647;
			files = (
				3773D27D249ABDDB00B63978 /* iOS_Applicant_Form.xcdatamodeld in Sources */,
				3773D273249ABDDB00B63978 /* AppDelegate.swift in Sources */,
				37AE009D249D1DF50046D03E /* LabelAndFieldTableViewCell.swift in Sources */,
				37493CC6249FD51E001B8048 /* FormViewModel.swift in Sources */,
				37AE00AF249D6E940046D03E /* Section.swift in Sources */,
				37AE0099249D1BA40046D03E /* FieldTableViewCell.swift in Sources */,
				37493CD124A07A8D001B8048 /* CoreDataServiceDelegate.swift in Sources */,
				3773D2A7249B027A00B63978 /* FormViewController.swift in Sources */,
				37AE00A7249D38550046D03E /* FormCellType.swift in Sources */,
				37493CC824A026C6001B8048 /* CoreDataService.swift in Sources */,
				37AE00AC249D47400046D03E /* ButtonTableViewCell.swift in Sources */,
				3793CA0724A47739007EBBA8 /* Form+CoreDataClass.swift in Sources */,
				373EB5AE24A0800500AFA79F /* FirebaseServiceDelegate.swift in Sources */,
				37493CCE24A0518E001B8048 /* FirebaseService.swift in Sources */,
				3773D275249ABDDB00B63978 /* SceneDelegate.swift in Sources */,
				37AE00B9249DB9B10046D03E /* CellModel.swift in Sources */,
				3793CA0824A47739007EBBA8 /* Form+CoreDataProperties.swift in Sources */,
				37AE00B5249D798B0046D03E /* CellViewModel.swift in Sources */,
				37AE00A0249D24740046D03E /* FormDataModel.swift in Sources */,
			);
			runOnlyForDeploymentPostprocessing = 0;
		};
		3773D284249ABDE200B63978 /* Sources */ = {
			isa = PBXSourcesBuildPhase;
			buildActionMask = 2147483647;
			files = (
				3773D28D249ABDE300B63978 /* iOS_Applicant_FormTests.swift in Sources */,
			);
			runOnlyForDeploymentPostprocessing = 0;
		};
		3773D28F249ABDE300B63978 /* Sources */ = {
			isa = PBXSourcesBuildPhase;
			buildActionMask = 2147483647;
			files = (
				3773D298249ABDE300B63978 /* iOS_Applicant_FormUITests.swift in Sources */,
			);
			runOnlyForDeploymentPostprocessing = 0;
		};
/* End PBXSourcesBuildPhase section */

/* Begin PBXTargetDependency section */
		3773D28A249ABDE200B63978 /* PBXTargetDependency */ = {
			isa = PBXTargetDependency;
			target = 3773D26E249ABDDA00B63978 /* iOS Applicant Form */;
			targetProxy = 3773D289249ABDE200B63978 /* PBXContainerItemProxy */;
		};
		3773D295249ABDE300B63978 /* PBXTargetDependency */ = {
			isa = PBXTargetDependency;
			target = 3773D26E249ABDDA00B63978 /* iOS Applicant Form */;
			targetProxy = 3773D294249ABDE300B63978 /* PBXContainerItemProxy */;
		};
/* End PBXTargetDependency section */

/* Begin PBXVariantGroup section */
		3773D278249ABDDB00B63978 /* Main.storyboard */ = {
			isa = PBXVariantGroup;
			children = (
				3773D279249ABDDB00B63978 /* Base */,
			);
			name = Main.storyboard;
			sourceTree = "<group>";
		};
		3773D280249ABDE200B63978 /* LaunchScreen.storyboard */ = {
			isa = PBXVariantGroup;
			children = (
				3773D281249ABDE200B63978 /* Base */,
			);
			name = LaunchScreen.storyboard;
			sourceTree = "<group>";
		};
/* End PBXVariantGroup section */

/* Begin XCBuildConfiguration section */
		3773D29A249ABDE300B63978 /* Debug */ = {
			isa = XCBuildConfiguration;
			buildSettings = {
				ALWAYS_SEARCH_USER_PATHS = NO;
				CLANG_ANALYZER_NONNULL = YES;
				CLANG_ANALYZER_NUMBER_OBJECT_CONVERSION = YES_AGGRESSIVE;
				CLANG_CXX_LANGUAGE_STANDARD = "gnu++14";
				CLANG_CXX_LIBRARY = "libc++";
				CLANG_ENABLE_MODULES = YES;
				CLANG_ENABLE_OBJC_ARC = YES;
				CLANG_ENABLE_OBJC_WEAK = YES;
				CLANG_WARN_BLOCK_CAPTURE_AUTORELEASING = YES;
				CLANG_WARN_BOOL_CONVERSION = YES;
				CLANG_WARN_COMMA = YES;
				CLANG_WARN_CONSTANT_CONVERSION = YES;
				CLANG_WARN_DEPRECATED_OBJC_IMPLEMENTATIONS = YES;
				CLANG_WARN_DIRECT_OBJC_ISA_USAGE = YES_ERROR;
				CLANG_WARN_DOCUMENTATION_COMMENTS = YES;
				CLANG_WARN_EMPTY_BODY = YES;
				CLANG_WARN_ENUM_CONVERSION = YES;
				CLANG_WARN_INFINITE_RECURSION = YES;
				CLANG_WARN_INT_CONVERSION = YES;
				CLANG_WARN_NON_LITERAL_NULL_CONVERSION = YES;
				CLANG_WARN_OBJC_IMPLICIT_RETAIN_SELF = YES;
				CLANG_WARN_OBJC_LITERAL_CONVERSION = YES;
				CLANG_WARN_OBJC_ROOT_CLASS = YES_ERROR;
				CLANG_WARN_RANGE_LOOP_ANALYSIS = YES;
				CLANG_WARN_STRICT_PROTOTYPES = YES;
				CLANG_WARN_SUSPICIOUS_MOVE = YES;
				CLANG_WARN_UNGUARDED_AVAILABILITY = YES_AGGRESSIVE;
				CLANG_WARN_UNREACHABLE_CODE = YES;
				CLANG_WARN__DUPLICATE_METHOD_MATCH = YES;
				COPY_PHASE_STRIP = NO;
				DEBUG_INFORMATION_FORMAT = dwarf;
				ENABLE_STRICT_OBJC_MSGSEND = YES;
				ENABLE_TESTABILITY = YES;
				GCC_C_LANGUAGE_STANDARD = gnu11;
				GCC_DYNAMIC_NO_PIC = NO;
				GCC_NO_COMMON_BLOCKS = YES;
				GCC_OPTIMIZATION_LEVEL = 0;
				GCC_PREPROCESSOR_DEFINITIONS = (
					"DEBUG=1",
					"$(inherited)",
				);
				GCC_WARN_64_TO_32_BIT_CONVERSION = YES;
				GCC_WARN_ABOUT_RETURN_TYPE = YES_ERROR;
				GCC_WARN_UNDECLARED_SELECTOR = YES;
				GCC_WARN_UNINITIALIZED_AUTOS = YES_AGGRESSIVE;
				GCC_WARN_UNUSED_FUNCTION = YES;
				GCC_WARN_UNUSED_VARIABLE = YES;
				IPHONEOS_DEPLOYMENT_TARGET = 13.5;
				MTL_ENABLE_DEBUG_INFO = INCLUDE_SOURCE;
				MTL_FAST_MATH = YES;
				ONLY_ACTIVE_ARCH = YES;
				SDKROOT = iphoneos;
				SWIFT_ACTIVE_COMPILATION_CONDITIONS = DEBUG;
				SWIFT_OPTIMIZATION_LEVEL = "-Onone";
			};
			name = Debug;
		};
		3773D29B249ABDE300B63978 /* Release */ = {
			isa = XCBuildConfiguration;
			buildSettings = {
				ALWAYS_SEARCH_USER_PATHS = NO;
				CLANG_ANALYZER_NONNULL = YES;
				CLANG_ANALYZER_NUMBER_OBJECT_CONVERSION = YES_AGGRESSIVE;
				CLANG_CXX_LANGUAGE_STANDARD = "gnu++14";
				CLANG_CXX_LIBRARY = "libc++";
				CLANG_ENABLE_MODULES = YES;
				CLANG_ENABLE_OBJC_ARC = YES;
				CLANG_ENABLE_OBJC_WEAK = YES;
				CLANG_WARN_BLOCK_CAPTURE_AUTORELEASING = YES;
				CLANG_WARN_BOOL_CONVERSION = YES;
				CLANG_WARN_COMMA = YES;
				CLANG_WARN_CONSTANT_CONVERSION = YES;
				CLANG_WARN_DEPRECATED_OBJC_IMPLEMENTATIONS = YES;
				CLANG_WARN_DIRECT_OBJC_ISA_USAGE = YES_ERROR;
				CLANG_WARN_DOCUMENTATION_COMMENTS = YES;
				CLANG_WARN_EMPTY_BODY = YES;
				CLANG_WARN_ENUM_CONVERSION = YES;
				CLANG_WARN_INFINITE_RECURSION = YES;
				CLANG_WARN_INT_CONVERSION = YES;
				CLANG_WARN_NON_LITERAL_NULL_CONVERSION = YES;
				CLANG_WARN_OBJC_IMPLICIT_RETAIN_SELF = YES;
				CLANG_WARN_OBJC_LITERAL_CONVERSION = YES;
				CLANG_WARN_OBJC_ROOT_CLASS = YES_ERROR;
				CLANG_WARN_RANGE_LOOP_ANALYSIS = YES;
				CLANG_WARN_STRICT_PROTOTYPES = YES;
				CLANG_WARN_SUSPICIOUS_MOVE = YES;
				CLANG_WARN_UNGUARDED_AVAILABILITY = YES_AGGRESSIVE;
				CLANG_WARN_UNREACHABLE_CODE = YES;
				CLANG_WARN__DUPLICATE_METHOD_MATCH = YES;
				COPY_PHASE_STRIP = NO;
				DEBUG_INFORMATION_FORMAT = "dwarf-with-dsym";
				ENABLE_NS_ASSERTIONS = NO;
				ENABLE_STRICT_OBJC_MSGSEND = YES;
				GCC_C_LANGUAGE_STANDARD = gnu11;
				GCC_NO_COMMON_BLOCKS = YES;
				GCC_WARN_64_TO_32_BIT_CONVERSION = YES;
				GCC_WARN_ABOUT_RETURN_TYPE = YES_ERROR;
				GCC_WARN_UNDECLARED_SELECTOR = YES;
				GCC_WARN_UNINITIALIZED_AUTOS = YES_AGGRESSIVE;
				GCC_WARN_UNUSED_FUNCTION = YES;
				GCC_WARN_UNUSED_VARIABLE = YES;
				IPHONEOS_DEPLOYMENT_TARGET = 13.5;
				MTL_ENABLE_DEBUG_INFO = NO;
				MTL_FAST_MATH = YES;
				SDKROOT = iphoneos;
				SWIFT_COMPILATION_MODE = wholemodule;
				SWIFT_OPTIMIZATION_LEVEL = "-O";
				VALIDATE_PRODUCT = YES;
			};
			name = Release;
		};
		3773D29D249ABDE300B63978 /* Debug */ = {
			isa = XCBuildConfiguration;
			baseConfigurationReference = 33D7FD268EFEED9D7327EC92 /* Pods-iOS Applicant Form.debug.xcconfig */;
			buildSettings = {
				ASSETCATALOG_COMPILER_APPICON_NAME = AppIcon;
				CODE_SIGN_STYLE = Automatic;
				DEVELOPMENT_TEAM = HRSGN27MYJ;
				INFOPLIST_FILE = "iOS Applicant Form/Info.plist";
				LD_RUNPATH_SEARCH_PATHS = (
					"$(inherited)",
					"@executable_path/Frameworks",
				);
				PRODUCT_BUNDLE_IDENTIFIER = "com.pedrotrujillov.iOS-Applicant-Form";
				PRODUCT_NAME = "$(TARGET_NAME)";
				SWIFT_VERSION = 5.0;
				TARGETED_DEVICE_FAMILY = "1,2";
			};
			name = Debug;
		};
		3773D29E249ABDE300B63978 /* Release */ = {
			isa = XCBuildConfiguration;
			baseConfigurationReference = 964FA59C64B3CABA23BB6573 /* Pods-iOS Applicant Form.release.xcconfig */;
			buildSettings = {
				ASSETCATALOG_COMPILER_APPICON_NAME = AppIcon;
				CODE_SIGN_STYLE = Automatic;
				DEVELOPMENT_TEAM = HRSGN27MYJ;
				INFOPLIST_FILE = "iOS Applicant Form/Info.plist";
				LD_RUNPATH_SEARCH_PATHS = (
					"$(inherited)",
					"@executable_path/Frameworks",
				);
				PRODUCT_BUNDLE_IDENTIFIER = "com.pedrotrujillov.iOS-Applicant-Form";
				PRODUCT_NAME = "$(TARGET_NAME)";
				SWIFT_VERSION = 5.0;
				TARGETED_DEVICE_FAMILY = "1,2";
			};
			name = Release;
		};
		3773D2A0249ABDE300B63978 /* Debug */ = {
			isa = XCBuildConfiguration;
			baseConfigurationReference = 382D8E31947E183EC84F18D8 /* Pods-iOS Applicant FormTests.debug.xcconfig */;
			buildSettings = {
				ALWAYS_EMBED_SWIFT_STANDARD_LIBRARIES = YES;
				BUNDLE_LOADER = "$(TEST_HOST)";
				CODE_SIGN_STYLE = Automatic;
				DEVELOPMENT_TEAM = HRSGN27MYJ;
				INFOPLIST_FILE = "iOS Applicant FormTests/Info.plist";
				IPHONEOS_DEPLOYMENT_TARGET = 13.5;
				LD_RUNPATH_SEARCH_PATHS = (
					"$(inherited)",
					"@executable_path/Frameworks",
					"@loader_path/Frameworks",
				);
				PRODUCT_BUNDLE_IDENTIFIER = "com.pedrotrujillov.iOS-Applicant-FormTests";
				PRODUCT_NAME = "$(TARGET_NAME)";
				SWIFT_VERSION = 5.0;
				TARGETED_DEVICE_FAMILY = "1,2";
				TEST_HOST = "$(BUILT_PRODUCTS_DIR)/iOS Applicant Form.app/iOS Applicant Form";
			};
			name = Debug;
		};
		3773D2A1249ABDE300B63978 /* Release */ = {
			isa = XCBuildConfiguration;
			baseConfigurationReference = 11A06E9A0561D4A44A0DBB14 /* Pods-iOS Applicant FormTests.release.xcconfig */;
			buildSettings = {
				ALWAYS_EMBED_SWIFT_STANDARD_LIBRARIES = YES;
				BUNDLE_LOADER = "$(TEST_HOST)";
				CODE_SIGN_STYLE = Automatic;
				DEVELOPMENT_TEAM = HRSGN27MYJ;
				INFOPLIST_FILE = "iOS Applicant FormTests/Info.plist";
				IPHONEOS_DEPLOYMENT_TARGET = 13.5;
				LD_RUNPATH_SEARCH_PATHS = (
					"$(inherited)",
					"@executable_path/Frameworks",
					"@loader_path/Frameworks",
				);
				PRODUCT_BUNDLE_IDENTIFIER = "com.pedrotrujillov.iOS-Applicant-FormTests";
				PRODUCT_NAME = "$(TARGET_NAME)";
				SWIFT_VERSION = 5.0;
				TARGETED_DEVICE_FAMILY = "1,2";
				TEST_HOST = "$(BUILT_PRODUCTS_DIR)/iOS Applicant Form.app/iOS Applicant Form";
			};
			name = Release;
		};
		3773D2A3249ABDE300B63978 /* Debug */ = {
			isa = XCBuildConfiguration;
			baseConfigurationReference = B5386E8CEBE7175E3C141CD0 /* Pods-iOS Applicant Form-iOS Applicant FormUITests.debug.xcconfig */;
			buildSettings = {
				ALWAYS_EMBED_SWIFT_STANDARD_LIBRARIES = YES;
				CODE_SIGN_STYLE = Automatic;
				DEVELOPMENT_TEAM = HRSGN27MYJ;
				INFOPLIST_FILE = "iOS Applicant FormUITests/Info.plist";
				LD_RUNPATH_SEARCH_PATHS = (
					"$(inherited)",
					"@executable_path/Frameworks",
					"@loader_path/Frameworks",
				);
				PRODUCT_BUNDLE_IDENTIFIER = "com.pedrotrujillov.iOS-Applicant-FormUITests";
				PRODUCT_NAME = "$(TARGET_NAME)";
				SWIFT_VERSION = 5.0;
				TARGETED_DEVICE_FAMILY = "1,2";
				TEST_TARGET_NAME = "iOS Applicant Form";
			};
			name = Debug;
		};
		3773D2A4249ABDE300B63978 /* Release */ = {
			isa = XCBuildConfiguration;
			baseConfigurationReference = 7574F71D4C962FC181B007B8 /* Pods-iOS Applicant Form-iOS Applicant FormUITests.release.xcconfig */;
			buildSettings = {
				ALWAYS_EMBED_SWIFT_STANDARD_LIBRARIES = YES;
				CODE_SIGN_STYLE = Automatic;
				DEVELOPMENT_TEAM = HRSGN27MYJ;
				INFOPLIST_FILE = "iOS Applicant FormUITests/Info.plist";
				LD_RUNPATH_SEARCH_PATHS = (
					"$(inherited)",
					"@executable_path/Frameworks",
					"@loader_path/Frameworks",
				);
				PRODUCT_BUNDLE_IDENTIFIER = "com.pedrotrujillov.iOS-Applicant-FormUITests";
				PRODUCT_NAME = "$(TARGET_NAME)";
				SWIFT_VERSION = 5.0;
				TARGETED_DEVICE_FAMILY = "1,2";
				TEST_TARGET_NAME = "iOS Applicant Form";
			};
			name = Release;
		};
/* End XCBuildConfiguration section */

/* Begin XCConfigurationList section */
		3773D26A249ABDDA00B63978 /* Build configuration list for PBXProject "iOS Applicant Form" */ = {
			isa = XCConfigurationList;
			buildConfigurations = (
				3773D29A249ABDE300B63978 /* Debug */,
				3773D29B249ABDE300B63978 /* Release */,
			);
			defaultConfigurationIsVisible = 0;
			defaultConfigurationName = Release;
		};
		3773D29C249ABDE300B63978 /* Build configuration list for PBXNativeTarget "iOS Applicant Form" */ = {
			isa = XCConfigurationList;
			buildConfigurations = (
				3773D29D249ABDE300B63978 /* Debug */,
				3773D29E249ABDE300B63978 /* Release */,
			);
			defaultConfigurationIsVisible = 0;
			defaultConfigurationName = Release;
		};
		3773D29F249ABDE300B63978 /* Build configuration list for PBXNativeTarget "iOS Applicant FormTests" */ = {
			isa = XCConfigurationList;
			buildConfigurations = (
				3773D2A0249ABDE300B63978 /* Debug */,
				3773D2A1249ABDE300B63978 /* Release */,
			);
			defaultConfigurationIsVisible = 0;
			defaultConfigurationName = Release;
		};
		3773D2A2249ABDE300B63978 /* Build configuration list for PBXNativeTarget "iOS Applicant FormUITests" */ = {
			isa = XCConfigurationList;
			buildConfigurations = (
				3773D2A3249ABDE300B63978 /* Debug */,
				3773D2A4249ABDE300B63978 /* Release */,
			);
			defaultConfigurationIsVisible = 0;
			defaultConfigurationName = Release;
		};
/* End XCConfigurationList section */

/* Begin XCVersionGroup section */
		3773D27B249ABDDB00B63978 /* iOS_Applicant_Form.xcdatamodeld */ = {
			isa = XCVersionGroup;
			children = (
				3773D27C249ABDDB00B63978 /* iOS_Applicant_Form.xcdatamodel */,
			);
			currentVersion = 3773D27C249ABDDB00B63978 /* iOS_Applicant_Form.xcdatamodel */;
			path = iOS_Applicant_Form.xcdatamodeld;
			sourceTree = "<group>";
			versionGroupType = wrapper.xcdatamodel;
		};
/* End XCVersionGroup section */
	};
	rootObject = 3773D267249ABDDA00B63978 /* Project object */;
}
